
Microsoft Visual Studio Solution File, Format Version 12.00
# Visual Studio Version 16
VisualStudioVersion = 16.0.28729.10
MinimumVisualStudioVersion = 10.0.40219.1
Project("{FAE04EC0-301F-11D3-BF4B-00C04F79EFBC}") = "HearthstoneDiscordRichPresence", "HearthstoneDiscordRichPresence\HearthstoneDiscordRichPresence.csproj", "{711B0A31-6B97-4C9D-971E-55A7F30CFC07}"
EndProject
Global
	GlobalSection(SolutionConfigurationPlatforms) = preSolution
		Debug|Any CPU = Debug|Any CPU
		Debug|x64 = Debug|x64
		Debug|x86 = Debug|x86
		Release|Any CPU = Release|Any CPU
		Release|x64 = Release|x64
		Release|x86 = Release|x86
	EndGlobalSection
	GlobalSection(ProjectConfigurationPlatforms) = postSolution
		{711B0A31-6B97-4C9D-971E-55A7F30CFC07}.Debug|Any CPU.ActiveCfg = Debug|Any CPU
		{711B0A31-6B97-4C9D-971E-55A7F30CFC07}.Debug|Any CPU.Build.0 = Debug|Any CPU
		{711B0A31-6B97-4C9D-971E-55A7F30CFC07}.Debug|x64.ActiveCfg = Debug|x64
		{711B0A31-6B97-4C9D-971E-55A7F30CFC07}.Debug|x64.Build.0 = Debug|x64
		{711B0A31-6B97-4C9D-971E-55A7F30CFC07}.Debug|x86.ActiveCfg = Debug|x86
		{711B0A31-6B97-4C9D-971E-55A7F30CFC07}.Debug|x86.Build.0 = Debug|x86
		{711B0A31-6B97-4C9D-971E-55A7F30CFC07}.Release|Any CPU.ActiveCfg = Release|Any CPU
		{711B0A31-6B97-4C9D-971E-55A7F30CFC07}.Release|Any CPU.Build.0 = Release|Any CPU
		{711B0A31-6B97-4C9D-971E-55A7F30CFC07}.Release|x64.ActiveCfg = Release|x64
		{711B0A31-6B97-4C9D-971E-55A7F30CFC07}.Release|x64.Build.0 = Release|x64
		{711B0A31-6B97-4C9D-971E-55A7F30CFC07}.Release|x86.ActiveCfg = Release|x86
		{711B0A31-6B97-4C9D-971E-55A7F30CFC07}.Release|x86.Build.0 = Release|x86
	EndGlobalSection
	GlobalSection(SolutionProperties) = preSolution
		HideSolutionNode = FALSE
	EndGlobalSection
	GlobalSection(ExtensibilityGlobals) = postSolution
		SolutionGuid = {F2BCA266-E30E-4BE5-9E5C-65AB506B4A58}
	EndGlobalSection
EndGlobal
